dependencies:
  espressif/brookesia_gui_interface:
    dependencies:
    - name: espressif/brookesia_lib_utils
      override_path: ../../utils/brookesia_lib_utils
      require: public
      version: 0.8.*
    source:
      path: ../../opensource/esp-brookesia/gui/brookesia_gui_interface
      type: local
    version: 0.8.0
  espressif/brookesia_gui_lvgl:
    dependencies:
    - name: espressif/brookesia_gui_interface
      override_path: ../brookesia_gui_interface
      require: public
      version: 0.8.*
    - name: espressif/brookesia_lib_utils
      override_path: ../../utils/brookesia_lib_utils
      require: public
      version: 0.8.*
    - name: espressif/brookesia_hal_interface
      override_path: ../../hal/brookesia_hal_interface
      require: private
      version: 0.8.*
    - name: espressif/brookesia_service_display
      override_path: ../../service/media/brookesia_service_display
      require: private
      version: 0.8.*
    - name: espressif/esp_lvgl_adapter
      require: private
      version: 0.6.*
    source:
      path: ../../opensource/esp-brookesia/gui/brookesia_gui_lvgl
      type: local
    version: 0.8.0
  espressif/brookesia_hal_adaptor:
    dependencies:
    - name: espressif/brookesia_hal_interface
      override_path: ../brookesia_hal_interface
      require: public
      version: 0.8.*
    - matches:
      - if: $CONFIG{BROOKESIA_HAL_ADAPTOR_ENABLE_SYSTEM_DEVICE} == True && $CONFIG{BROOKESIA_HAL_ADAPTOR_SYSTEM_ENABLE_BOARD_INFO_IMPL} == True
      - if: $CONFIG{BROOKESIA_HAL_ADAPTOR_ENABLE_SYSTEM_DEVICE} == True && $CONFIG{BROOKESIA_HAL_ADAPTOR_SYSTEM_ENABLE_OTA_UPDATER_IMPL} == True
      - if: $CONFIG{BROOKESIA_HAL_ADAPTOR_ENABLE_AUDIO_DEVICE} == True
      - if: $CONFIG{BROOKESIA_HAL_ADAPTOR_ENABLE_VIDEO_DEVICE} == True && $CONFIG{BROOKESIA_HAL_ADAPTOR_VIDEO_ENABLE_CAMERA_IMPL} == True
      - if: $CONFIG{BROOKESIA_HAL_ADAPTOR_ENABLE_DISPLAY_DEVICE} == True
      - if: $CONFIG{BROOKESIA_HAL_ADAPTOR_ENABLE_STORAGE_DEVICE} == True && $CONFIG{BROOKESIA_HAL_ADAPTOR_STORAGE_ENABLE_FILE_SYSTEM_IMPL} == True && $CONFIG{BROOKESIA_HAL_ADAPTOR_STORAGE_FILE_SYSTEM_ENABLE_SPIFFS} == True
      - if: $CONFIG{BROOKESIA_HAL_ADAPTOR_ENABLE_STORAGE_DEVICE} == True && $CONFIG{BROOKESIA_HAL_ADAPTOR_STORAGE_ENABLE_FILE_SYSTEM_IMPL} == True && $CONFIG{BROOKESIA_HAL_ADAPTOR_STORAGE_FILE_SYSTEM_ENABLE_SDCARD} == True
      - if: $CONFIG{BROOKESIA_HAL_ADAPTOR_ENABLE_POWER_DEVICE} == True
      name: espressif/esp_board_manager
      version: '>=0.6.0,<0.7.0'
    - matches:
      - if: $CONFIG{BROOKESIA_HAL_ADAPTOR_ENABLE_AUDIO_DEVICE} == True && $CONFIG{BROOKESIA_HAL_ADAPTOR_AUDIO_ENABLE_PROCESSOR_IMPL} == True
      - if: $CONFIG{BROOKESIA_HAL_ADAPTOR_ENABLE_VIDEO_DEVICE} == True && $CONFIG{BROOKESIA_HAL_ADAPTOR_VIDEO_ENABLE_ENCODER_IMPL} == True
      - if: $CONFIG{BROOKESIA_HAL_ADAPTOR_ENABLE_VIDEO_DEVICE} == True && $CONFIG{BROOKESIA_HAL_ADAPTOR_VIDEO_ENABLE_DECODER_IMPL} == True
      name: espressif/media_lib_sal
      version: 0.9.3
    - matches:
      - if: $CONFIG{BROOKESIA_HAL_ADAPTOR_ENABLE_AUDIO_DEVICE} == True && $CONFIG{BROOKESIA_HAL_ADAPTOR_AUDIO_ENABLE_PROCESSOR_IMPL} == True
      - if: $CONFIG{BROOKESIA_HAL_ADAPTOR_ENABLE_VIDEO_DEVICE} == True && $CONFIG{BROOKESIA_HAL_ADAPTOR_VIDEO_ENABLE_ENCODER_IMPL} == True
      - if: $CONFIG{BROOKESIA_HAL_ADAPTOR_ENABLE_VIDEO_DEVICE} == True && $CONFIG{BROOKESIA_HAL_ADAPTOR_VIDEO_ENABLE_DECODER_IMPL} == True
      name: jason-mao/av_processor
      version: 0.6.*
    - matches:
      - if: $CONFIG{BROOKESIA_HAL_ADAPTOR_ENABLE_VIDEO_DEVICE} == True && $CONFIG{BROOKESIA_HAL_ADAPTOR_VIDEO_ENABLE_CAMERA_IMPL} == True
      name: espressif/esp_video
      version: 2.2.*
    - matches:
      - if: target in [esp32p4] && $CONFIG{BROOKESIA_HAL_ADAPTOR_ENABLE_WIFI_DEVICE} == True
      name: espressif/esp_wifi_remote
      require: no
      version: '>=0.10,<2.0'
    - matches:
      - if: target in [esp32p4] && $CONFIG{BROOKESIA_HAL_ADAPTOR_ENABLE_WIFI_DEVICE} == True
      name: espressif/esp_hosted
      require: no
      version: 2.12.3
    - matches:
      - if: $CONFIG{BROOKESIA_HAL_ADAPTOR_ENABLE_STORAGE_DEVICE} == True && $CONFIG{BROOKESIA_HAL_ADAPTOR_STORAGE_ENABLE_FILE_SYSTEM_IMPL} == True && $CONFIG{BROOKESIA_HAL_ADAPTOR_STORAGE_FILE_SYSTEM_ENABLE_LITTLEFS} == True
      name: joltwallet/littlefs
      version: 1.*
    source:
      path: ../../opensource/esp-brookesia/hal/brookesia_hal_adaptor
      type: local
    version: 0.8.1
  espressif/brookesia_hal_boards:
    dependencies:
    - name: espressif/esp_board_manager
      require: public
      version: '>=0.6.0,<0.7.0'
    source:
      path: ../../opensource/esp-brookesia/hal/brookesia_hal_boards
      type: local
    version: 0.8.0
  espressif/brookesia_hal_interface:
    dependencies:
    - name: espressif/brookesia_lib_utils
      override_path: ../../utils/brookesia_lib_utils
      require: public
      version: 0.8.*
    source:
      path: ../../opensource/esp-brookesia/hal/brookesia_hal_interface
      type: local
    version: 0.8.0
  espressif/brookesia_lib_utils:
    dependencies:
    - name: idf
      version: '>=6.0,<=6.2'
    - name: espressif/cmake_utilities
      require: public
      version: 0.*
    - name: espressif/esp-boost
      require: public
      version: 0.6.*
    source:
      path: ../../opensource/esp-brookesia/utils/brookesia_lib_utils
      type: local
    version: 0.8.0
  espressif/brookesia_runtime_manager:
    dependencies:
    - name: espressif/brookesia_lib_utils
      override_path: ../../utils/brookesia_lib_utils
      require: public
      version: 0.8.*
    source:
      path: ../../opensource/esp-brookesia/runtime/brookesia_runtime_manager
      type: local
    version: 0.8.0
  espressif/brookesia_service_audio:
    dependencies:
    - name: espressif/brookesia_service_storage
      override_path: ../../system/brookesia_service_storage
      require: public
      version: 0.8.*
    - name: espressif/brookesia_service_helper
      override_path: ../../framework/brookesia_service_helper
      require: public
      version: 0.8.*
    source:
      path: ../../opensource/esp-brookesia/service/media/brookesia_service_audio
      type: local
    version: 0.8.0
  espressif/brookesia_service_display:
    dependencies:
    - name: espressif/brookesia_service_storage
      override_path: ../../system/brookesia_service_storage
      require: public
      version: 0.8.*
    - name: espressif/brookesia_service_helper
      override_path: ../../framework/brookesia_service_helper
      require: public
      version: 0.8.*
    source:
      path: ../../opensource/esp-brookesia/service/media/brookesia_service_display
      type: local
    version: 0.8.0
  espressif/brookesia_service_helper:
    dependencies:
    - name: espressif/brookesia_service_manager
      override_path: ../brookesia_service_manager
      require: public
      version: 0.8.*
    - name: espressif/brookesia_hal_interface
      override_path: ../../../hal/brookesia_hal_interface
      require: public
      version: 0.8.*
    source:
      path: ../../opensource/esp-brookesia/service/framework/brookesia_service_helper
      type: local
    version: 0.8.0
  espressif/brookesia_service_manager:
    dependencies:
    - name: espressif/brookesia_lib_utils
      override_path: ../../../utils/brookesia_lib_utils
      require: public
      version: 0.8.*
    source:
      path: ../../opensource/esp-brookesia/service/framework/brookesia_service_manager
      type: local
    version: 0.8.0
  espressif/brookesia_service_storage:
    dependencies:
    - name: espressif/brookesia_service_helper
      override_path: ../../framework/brookesia_service_helper
      require: public
      version: 0.8.*
    source:
      path: ../../opensource/esp-brookesia/service/system/brookesia_service_storage
      type: local
    version: 0.8.0
  espressif/brookesia_service_video:
    dependencies:
    - name: espressif/brookesia_service_helper
      override_path: ../../framework/brookesia_service_helper
      require: public
      version: 0.8.*
    - name: espressif/brookesia_service_display
      override_path: ../brookesia_service_display
      require: public
      version: 0.8.*
    source:
      path: ../../opensource/esp-brookesia/service/media/brookesia_service_video
      type: local
    version: 0.8.0
  espressif/button:
    component_hash: ad64de1d1b8aa139564810a8519b2f1ac275a560a512479ee94c1b6983469d4b
    dependencies:
    - name: espressif/cmake_utilities
      registry_url: https://components.espressif.com
      require: private
      version: '*'
    - name: idf
      require: private
      version: '>=4.0'
    source:
      registry_url: https://components.espressif.com
      type: service
    version: 4.2.0
  espressif/cjson:
    component_hash: e788323270d90738662d66fffa910bfe1fba019bba087f01557e70c40485b469
    dependencies:
    - name: idf
      require: private
      version: '>=5.0'
    source:
      registry_url: https://components.espressif.com/
      type: service
    version: 1.7.19~2
  espressif/cmake_utilities:
    component_hash: 351350613ceafba240b761b4ea991e0f231ac7a9f59a9ee901f751bddc0bb18f
    dependencies:
    - name: idf
      require: private
      version: '>=4.1'
    source:
      registry_url: https://components.espressif.com
      type: service
    version: 0.5.3
  espressif/esp-boost:
    component_hash: 332946a64356203e9443a3bae9cec93ef8aab6df37de2f61270c972f238f9b3f
    dependencies:
    - name: idf
      require: private
      version: '>=5.5'
    source:
      registry_url: https://components.espressif.com/
      type: service
    version: 0.6.0
  espressif/esp32_s31_korvo_1:
    component_hash: f5355cee24084c4a78c8a618e671297acae56b42bd6c8886be23cf0695ee22b6
    dependencies:
    - name: espressif/button
      registry_url: https://components.espressif.com
      require: public
      version: ^4
    - name: espressif/esp_codec_dev
      registry_url: https://components.espressif.com
      require: public
      version: ~1.5
    - name: espressif/esp_video
      registry_url: https://components.espressif.com
      require: public
      version: ~2.2
    - name: espressif/esp_lcd_touch_gt1151
      registry_url: https://components.espressif.com
      require: private
      version: '*'
    - name: espressif/esp_lvgl_port
      registry_url: https://components.espressif.com
      require: public
      version: ^2
    - name: idf
      require: private
      version: '>=5.4'
    - name: espressif/led_indicator
      registry_url: https://components.espressif.com
      require: public
      version: ^2
    - name: espressif/usb
      registry_url: https://components.espressif.com
      require: public
      version: ^1
    source:
      registry_url: https://components.espressif.com/
      type: service
    targets:
    - esp32s31
    version: 1.0.0~1
  espressif/esp_asrc:
    component_hash: 83021b6888ba94966bb3a954d435ca031952ddb7f2b873886bd7a0da94bc1108
    dependencies:
    - name: espressif/esp_audio_effects
      registry_url: https://components.espressif.com
      require: private
      version: ~1.3
    source:
      registry_url: https://components.espressif.com
      type: service
    version: 1.0.1
  espressif/esp_audio_codec:
    component_hash: 16e2880dbdd5a72264051f750f33a6e5a38fd25621c83e3a32a85a152d2d2643
    dependencies:
    - name: idf
      require: private
      version: '>=4.4'
    source:
      registry_url: https://components.espressif.com/
      type: service
    version: 2.5.0
  espressif/esp_audio_effects:
    component_hash: 6ad72ee106e25b07c9ae5b8ec77b566ef8d697473095f1c982e13247005b9ba6
    dependencies:
    - name: espressif/gmf_fft
      registry_url: https://components.espressif.com
      require: private
      version: ~1.0
    source:
      registry_url: https://components.espressif.com
      type: service
    version: 1.3.0~1
  espressif/esp_audio_simple_player:
    component_hash: b87434a8d6197b232bd32b6149f66db9c28c2c373943ab3bf92983265abb6af2
    dependencies:
    - name: espressif/gmf_audio
      registry_url: https://components.espressif.com
      require: private
      version: ^1.0
    - name: espressif/gmf_io
      registry_url: https://components.espressif.com
      require: private
      version: ^1.0
    source:
      registry_url: https://components.espressif.com/
      type: service
    version: 1.0.0~1
  espressif/esp_board_manager:
    component_hash: 75167ebe2b52c15d0fb502af305722fe97f0b5f6d43a3dbfa869315bff494159
    dependencies:
    - matches:
      - if: $CONFIG{ESP_BOARD_DEV_BUTTON_SUPPORT} == True
      name: espressif/button
      registry_url: https://components.espressif.com
      require: private
      version: ^4.1.4
    - name: espressif/esp_boards
      registry_url: https://components.espressif.com
      require: private
      version: '*'
    - matches:
      - if: $CONFIG{ESP_BOARD_DEV_AUDIO_CODEC_SUPPORT} == True
      name: espressif/esp_codec_dev
      registry_url: https://components.espressif.com
      require: private
      version: ~1.5
    - matches:
      - if: $CONFIG{ESP_BOARD_DEV_GPIO_EXPANDER_SUPPORT} == True
      name: espressif/esp_io_expander
      registry_url: https://components.espressif.com
      require: private
      version: ^1.0.1
    - matches:
      - if: $CONFIG{ESP_BOARD_DEV_DISPLAY_LCD_SUB_RGB_3WIRE_SPI_SUPPORT} == True
      name: espressif/esp_lcd_panel_io_additions
      registry_url: https://components.espressif.com
      require: private
      version: ^1.0.0
    - matches:
      - if: $CONFIG{ESP_BOARD_DEV_LCD_TOUCH_SUPPORT} == True
      name: espressif/esp_lcd_touch
      registry_url: https://components.espressif.com
      require: private
      version: '*'
    - matches:
      - if: $CONFIG{ESP_BOARD_DEV_CAMERA_SUPPORT} == True
      name: espressif/esp_video
      registry_url: https://components.espressif.com
      require: private
      version: ^2.1.0
    - matches:
      - if: $CONFIG{ESP_BOARD_DEV_LED_STRIP_SUPPORT} == True
      name: espressif/led_strip
      registry_url: https://components.espressif.com
      require: private
      version: '*'
    - matches:
      - if: $CONFIG{ESP_BOARD_DEV_LITTLEFS_SUPPORT} == True
      name: joltwallet/littlefs
      registry_url: https://components.espressif.com
      require: private
      version: ^1.22.1
    source:
      registry_url: https://components.espressif.com/
      type: service
    version: 0.6.0~1
  espressif/esp_boards:
    component_hash: 6d32eb26833922fe6d517165129089d4fe1d973c4fa0e77d5dc06a27257c1e6e
    dependencies: []
    source:
      registry_url: https://components.espressif.com
      type: service
    version: 0.5.3~1
  espressif/esp_cam_sensor:
    component_hash: 0a2775d95fae99449bb4c044feab6d887e9db309602fad8df6c3fc58bc6e1b6d
    dependencies:
    - name: espressif/cmake_utilities
      registry_url: https://components.espressif.com
      require: private
      version: 0.*
    - name: espressif/esp_sccb_intf
      registry_url: https://components.espressif.com
      require: private
      version: '>=0.0.5'
    - name: idf
      require: private
      version: '>=5.3'
    source:
      registry_url: https://components.espressif.com
      type: service
    targets:
    - esp32p4
    - esp32s3
    - esp32c3
    - esp32c5
    - esp32c6
    - esp32c61
    - esp32s31
    version: 2.2.0
  espressif/esp_codec_dev:
    component_hash: df70f10af8d7b922add7b9d07372c9c97ab356e58d72b7a892050227c2d44348
    dependencies:
    - name: idf
      require: private
      version: '>=4.0'
    source:
      registry_url: https://components.espressif.com/
      type: service
    version: 1.5.11
  espressif/esp_lcd_touch:
    component_hash: 3f85a7d95af876f1a6ecca8eb90a81614890d0f03a038390804e5a77e2caf862
    dependencies:
    - name: idf
      require: private
      version: '>=4.4.2'
    source:
      registry_url: https://components.espressif.com
      type: service
    version: 1.2.1
  espressif/esp_lcd_touch_gt1151:
    component_hash: 60ef8b9429fad6526607b7b423c3caa6728fd8eee182f67de7fefa87f9ec6754
    dependencies:
    - name: espressif/esp_lcd_touch
      registry_url: https://components.espressif.com
      require: public
      version: ^1.2.0
    - name: idf
      require: private
      version: '>=5.2'
    source:
      registry_url: https://components.espressif.com/
      type: service
    version: 1.1.0~1
  espressif/esp_lv_decoder:
    component_hash: 331d23c304cea5d1aed0ad3cea7774874dbaeebb2217e8db6bf3cc8485ac9f9f
    dependencies:
    - name: espressif/esp_new_jpeg
      registry_url: https://components.espressif.com
      require: private
      version: 1.*
    - name: espressif/libpng
      registry_url: https://components.espressif.com
      require: private
      version: 1.*
    - name: idf
      require: private
      version: '>=5.3'
    - name: lvgl/lvgl
      registry_url: https://components.espressif.com
      require: private
      version: '>=8,<10'
    source:
      registry_url: https://components.espressif.com
      type: service
    targets:
    - esp32
    - esp32s2
    - esp32s3
    - esp32s31
    - esp32p4
    - esp32c2
    - esp32c3
    - esp32c5
    - esp32c6
    - esp32c61
    - esp32h4
    version: 0.4.3
  espressif/esp_lv_fs:
    component_hash: 66896007884b817df34c964f9a114fff538ee2674e99fee7159162498b93f94b
    dependencies:
    - name: espressif/cmake_utilities
      registry_url: https://components.espressif.com
      require: private
      version: 0.*
    - name: espressif/esp_mmap_assets
      registry_url: https://components.espressif.com
      require: private
      version: '>=1.2'
    - name: idf
      require: private
      version: '>=4.4'
    - name: lvgl/lvgl
      registry_url: https://components.espressif.com
      require: private
      version: '>=8,<10'
    source:
      registry_url: https://components.espressif.com
      type: service
    version: 1.0.1
  espressif/esp_lvgl_adapter:
    component_hash: eb3e4e753119b66b60aff2df65c4c3cdad4d33e0a8a7fdfa7cdef83915289bfb
    dependencies:
    - name: espressif/button
      registry_url: https://components.espressif.com
      require: public
      version: 4.*
    - name: espressif/esp_lcd_touch
      registry_url: https://components.espressif.com
      require: public
      version: 1.*
    - name: espressif/esp_lv_decoder
      registry_url: https://components.espressif.com
      require: public
      version: 0.*
    - name: espressif/esp_lv_fs
      registry_url: https://components.espressif.com
      require: public
      version: 1.*
    - name: espressif/freetype
      registry_url: https://components.espressif.com
      require: public
      version: 2.*
    - name: espressif/knob
      registry_url: https://components.espressif.com
      require: public
      version: 1.*
    - name: idf
      require: private
      version: '>=5.5'
    - name: lvgl/lvgl
      registry_url: https://components.espressif.com
      require: private
      version: '>=8,<10'
    source:
      registry_url: https://components.espressif.com/
      type: service
    version: 0.6.2
  espressif/esp_lvgl_port:
    component_hash: fb6c1fdfe70d4ca39a035d63ca394a35f17ec84ce16ff98ecb13a54155d75da4
    dependencies:
    - name: idf
      require: private
      version: '>=5.2'
    - name: lvgl/lvgl
      registry_url: https://components.espressif.com
      require: public
      version: '>=8,<10'
    source:
      registry_url: https://components.espressif.com
      type: service
    version: 2.8.0~1
  espressif/esp_mmap_assets:
    component_hash: b7c559238d9f4c11048b1d7302f5474e4f4f590902433efd792bd0cbf5324f2a
    dependencies:
    - name: espressif/cmake_utilities
      registry_url: https://components.espressif.com
      require: private
      version: 0.*
    - name: idf
      require: private
      version: '>=5.0'
    source:
      registry_url: https://components.espressif.com
      type: service
    version: 2.0.0
  espressif/esp_muxer:
    component_hash: 390a00633bdd35cf90bdfc55cdfe895a937546e86c63cee18989bf0c1ff194bc
    dependencies: []
    source:
      registry_url: https://components.espressif.com
      type: service
    version: 1.2.2
  espressif/esp_new_jpeg:
    component_hash: e1e7e6991193c41ed6c9fc386702aa7821433319e7aa9c3147cd3236310cd69c
    dependencies: []
    source:
      registry_url: https://components.espressif.com
      type: service
    targets:
    - esp32
    - esp32s2
    - esp32s3
    - esp32s31
    - esp32p4
    - esp32c2
    - esp32c3
    - esp32c5
    - esp32c6
    - esp32c61
    - esp32h4
    version: 1.0.2
  espressif/esp_sccb_intf:
    component_hash: c071b189e49f40940722aea01a5489f873385cc39cd5b14012341135b85d1a9d
    dependencies:
    - name: idf
      require: private
      version: '>=5.3'
    source:
      registry_url: https://components.espressif.com
      type: service
    version: 0.0.8
  espressif/esp_video:
    component_hash: d3c27c05433c0ff4d57e544fcdce891fa2497debf2f006d5ff452c4eb4e7fced
    dependencies:
    - name: espressif/cmake_utilities
      registry_url: https://components.espressif.com
      require: private
      version: 0.*
    - name: espressif/esp_cam_sensor
      registry_url: https://components.espressif.com
      require: private
      version: 2.2.*
    - name: espressif/esp_h264
      registry_url: https://components.espressif.com
      require: private
      rules:
      - if: target in [esp32p4]
      version: 1.3.0
    - name: espressif/esp_ipa
      registry_url: https://components.espressif.com
      require: private
      rules:
      - if: target in [esp32p4]
      version: 2.1.*
    - name: idf
      require: private
      version: '>=5.4'
    - name: espressif/usb_host_uvc
      registry_url: https://components.espressif.com
      require: private
      rules:
      - if: target in [esp32p4, esp32s3, esp32s31]
      version: 2.5.*
    source:
      registry_url: https://components.espressif.com/
      type: service
    targets:
    - esp32p4
    - esp32s3
    - esp32c3
    - esp32c5
    - esp32c6
    - esp32c61
    - esp32s31
    version: 2.2.0
  espressif/ethernet_init:
    component_hash: 9f7d29acf5fe32315579ddb6247388291cda555aa529409108c0ada0aa7cd99d
    dependencies:
    - matches:
      - if: $CONFIG{ETHERNET_SPI_USE_CH390} == 1
      name: espressif/ch390
      registry_url: https://components.espressif.com
      require: private
      version: '*'
    - matches:
      - if: $CONFIG{ETHERNET_SPI_USE_DM9051} == 1
      name: espressif/dm9051
      registry_url: https://components.espressif.com
      require: private
      rules:
      - if: idf_version >=6.0
        version: ^1.0.0
      version: '*'
    - matches:
      - if: idf_version >=6.0
        version: ^1.0.0
      name: espressif/dp83848
      registry_url: https://components.espressif.com
      require: private
      rules:
      - if: target in [esp32, esp32p4]
      - if: $CONFIG{ETHERNET_PHY_USE_DP83848} == 1
      version: '*'
    - matches:
      - if: $CONFIG{ETHERNET_SPI_USE_ENC28J60} == 1
      name: espressif/enc28j60
      registry_url: https://components.espressif.com
      require: private
      version: '*'
    - matches:
      - if: idf_version >=6.0
        version: ^1.0.0
      name: espressif/ip101
      registry_url: https://components.espressif.com
      require: private
      rules:
      - if: target in [esp32, esp32p4]
      - if: $CONFIG{ETHERNET_PHY_USE_IP101} == 1
      version: '*'
    - matches:
      - if: idf_version >=6.0
        version: ^1.0.0
      name: espressif/ksz80xx
      registry_url: https://components.espressif.com
      require: private
      rules:
      - if: target in [esp32, esp32p4]
      - if: $CONFIG{ETHERNET_PHY_USE_KSZ80XX} == 1
      version: '*'
    - matches:
      - if: $CONFIG{ETHERNET_SPI_USE_KSZ8851SNL} == 1
      name: espressif/ksz8851snl
      registry_url: https://components.espressif.com
      require: private
      rules:
      - if: idf_version >=6.0
        version: ^1.0.0
      version: '*'
    - matches:
      - if: $CONFIG{ETHERNET_SPI_USE_LAN865X} == 1
      name: espressif/lan865x
      registry_url: https://components.espressif.com
      require: private
      version: ^0.1.1
    - name: espressif/lan867x
      registry_url: https://components.espressif.com
      require: private
      rules:
      - if: target in [esp32, esp32p4]
      - if: $CONFIG{ETHERNET_PHY_USE_LAN867X} == 1
      version: '>=2.0.0'
    - matches:
      - if: idf_version >=6.0
        version: ^1.0.0
      name: espressif/lan87xx
      registry_url: https://components.espressif.com
      require: private
      rules:
      - if: target in [esp32, esp32p4]
      - if: $CONFIG{ETHERNET_PHY_USE_LAN87XX} == 1
      version: '*'
    - matches:
      - if: idf_version >=6.0
        version: ^1.0.0
      name: espressif/rtl8201
      registry_url: https://components.espressif.com
      require: private
      rules:
      - if: target in [esp32, esp32p4]
      - if: $CONFIG{ETHERNET_PHY_USE_RTL8201} == 1
      version: '*'
    - matches:
      - if: $CONFIG{ETHERNET_SPI_USE_W5500} == 1
      name: espressif/w5500
      registry_url: https://components.espressif.com
      require: private
      rules:
      - if: idf_version >=6.0
        version: ^1.0.0
      version: '*'
    - name: idf
      require: private
      version: '>=5.4.3,!=5.5.0,!=5.5.1'
    source:
      registry_url: https://components.espressif.com/
      type: service
    version: 1.3.0
  espressif/freetype:
    component_hash: a4169cdd22b3572342b2d640d7082405b8895e3214539283601c03412589b65d
    dependencies:
    - name: idf
      require: private
      version: '>=4.4'
    source:
      registry_url: https://components.espressif.com
      type: service
    version: 2.14.2
  espressif/gmf_audio:
    component_hash: b04b6559d2a1c1cbd66f5297c27a7aa75cecd44d2c5552b4030fd99f02442833
    dependencies:
    - name: espressif/esp_asrc
      registry_url: https://components.espressif.com
      require: private
      version: ~1.0
    - name: espressif/esp_audio_codec
      registry_url: https://components.espressif.com
      require: private
      version: ~2.5
    - name: espressif/esp_audio_effects
      registry_url: https://components.espressif.com
      require: private
      version: ~1.3
    - name: espressif/esp_muxer
      registry_url: https://components.espressif.com
      require: private
      version: ~1.2
    - name: espressif/gmf_core
      registry_url: https://components.espressif.com
      require: private
      version: ^1.0
    source:
      registry_url: https://components.espressif.com
      type: service
    version: 1.0.0
  espressif/gmf_core:
    component_hash: f242674fc224543cc8df3608730b039b3bc1fd7639741bfc4815d13df5a993fc
    dependencies: []
    source:
      registry_url: https://components.espressif.com
      type: service
    version: 1.0.0
  espressif/gmf_fft:
    component_hash: b59451ef2f96d22b80c27a162515b21f1b85954dda434c0b092172164028779d
    dependencies: []
    source:
      registry_url: https://components.espressif.com
      type: service
    version: 1.0.0
  espressif/gmf_io:
    component_hash: aa1f68942e64ca538bb9d01e59d8f7563314c681183959bf62f180fa2b0a3c55
    dependencies:
    - name: espressif/esp_codec_dev
      registry_url: https://components.espressif.com
      require: private
      version: ^1.4
    - name: espressif/gmf_core
      registry_url: https://components.espressif.com
      require: private
      version: ^1.0
    source:
      registry_url: https://components.espressif.com
      type: service
    version: 1.0.0
  espressif/knob:
    component_hash: b56694054cd34a683ac2a6f3661963ba00b1dab741a4f3bb59ed6666cbc9f3fb
    dependencies:
    - name: espressif/cmake_utilities
      registry_url: https://components.espressif.com
      require: private
      version: 0.*
    - name: idf
      require: private
      version: '>=4.4.1'
    source:
      registry_url: https://components.espressif.com
      type: service
    version: 1.1.0
  espressif/led_indicator:
    component_hash: 0694f655b0f0b7694592cfbb5a44ba33840847c5ca44eb639eec8570a4094cd4
    dependencies:
    - name: espressif/cmake_utilities
      registry_url: https://components.espressif.com
      require: private
      version: '*'
    - name: idf
      require: private
      version: '>=5.0'
    - name: espressif/led_strip
      registry_url: https://components.espressif.com
      require: public
      version: 3.*
    source:
      registry_url: https://components.espressif.com
      type: service
    version: 2.1.2
  espressif/led_strip:
    component_hash: 28621486f77229aaf81c71f5e15d6fbf36c2949cf11094e07090593e659e7639
    dependencies:
    - name: idf
      require: private
      version: '>=5.0'
    source:
      registry_url: https://components.espressif.com
      type: service
    version: 3.0.3
  espressif/libpng:
    component_hash: 30b1f2f8ddf13754b3e21d7ac134b3cc8f02957bb01d0c6deb5e9a68080d69d5
    dependencies:
    - name: idf
      require: private
      version: '>=5.0'
    - name: espressif/zlib
      registry_url: https://components.espressif.com
      require: private
      version: ^1.2.13
    source:
      registry_url: https://components.espressif.com
      type: service
    version: 1.6.58
  espressif/mdns:
    component_hash: e81ca7a7f53ea34e78274df054da692c272e1315572876b237b1748e267c013b
    dependencies:
    - name: idf
      require: private
      version: '>=5.0'
    source:
      registry_url: https://components.espressif.com/
      type: service
    version: 1.11.3
  espressif/usb:
    component_hash: 6c2cff118141dbbca181d0d27d71801fdddfc78f7ac03ae43f6e5a8cbd89cb99
    dependencies:
    - name: idf
      require: private
      version: '>=5.5.3'
    source:
      registry_url: https://components.espressif.com
      type: service
    targets:
    - esp32s2
    - esp32s3
    - esp32s31
    - esp32p4
    - esp32h4
    - linux
    version: 1.5.0
  espressif/usb_host_uvc:
    component_hash: 3dde9c89980212de1e394a29d3fe782a2988a08fd2a16af34eee6f642aab6ebe
    dependencies:
    - name: idf
      require: private
      version: '>=5.0'
    - name: espressif/usb
      registry_url: https://components.espressif.com
      require: public
      rules:
      - if: idf_version >=6.0
      - if: target not in ["linux"]
      version: ^1.0.0
    source:
      registry_url: https://components.espressif.com
      type: service
    targets:
    - esp32s2
    - esp32s3
    - esp32p4
    - esp32h4
    - esp32s31
    - linux
    version: 2.5.1
  espressif/zlib:
    component_hash: 64ea2fd6754c5a05951f1ddb312ac835cd782e68cb5bd9dfcd1c3a107c8fbfbc
    dependencies:
    - name: idf
      require: private
      version: '>=4.4'
    source:
      registry_url: https://components.espressif.com
      type: service
    version: 1.3.2
  idf:
    source:
      type: idf
    version: 6.2.0
  lvgl/lvgl:
    component_hash: 184e532558c1c45fefed631f3e235423d22582aafb4630f3e8885c35281a49ae
    dependencies: []
    source:
      registry_url: https://components.espressif.com
      type: service
    version: 9.5.0
  protocol_examples_common:
    dependencies:
    - name: espressif/ethernet_init
      rules:
      - if: target != linux
      version: ^1.3.0
    source:
      path: ../../../.espressif/v6.x/esp-idf/examples/common_components/protocol_examples_common
      type: local
    version: '*'
direct_dependencies:
- espressif/brookesia_gui_lvgl
- espressif/brookesia_hal_adaptor
- espressif/brookesia_hal_boards
- espressif/brookesia_runtime_manager
- espressif/brookesia_service_audio
- espressif/brookesia_service_display
- espressif/brookesia_service_helper
- espressif/brookesia_service_manager
- espressif/brookesia_service_video
- espressif/cjson
- espressif/esp32_s31_korvo_1
- espressif/esp_audio_codec
- espressif/esp_audio_simple_player
- espressif/esp_board_manager
- espressif/esp_codec_dev
- espressif/esp_lcd_touch_gt1151
- espressif/esp_video
- espressif/mdns
- idf
- protocol_examples_common
manifest_hash: 4f688b1c153a488c0ae798848466da10d123373ea59d41fee27587814f981b16
target: esp32s31
version: 3.0.0
